
Microsoft Visual Studio Solution File, Format Version 12.00
# Visual Studio 15
VisualStudioVersion = 15.0.27130.2010
MinimumVisualStudioVersion = 10.0.40219.1
Project("{FAE04EC0-301F-11D3-BF4B-00C04F79EFBC}") = "WpfApp1", "WpfApp1\WpfApp1.csproj", "{1CC68C3D-5D1D-460C-83EC-DA846703768D}"
EndProject
Global
	GlobalSection(SolutionConfigurationPlatforms) = preSolution
		Debug|Any CPU = Debug|Any CPU
		Release|Any CPU = Release|Any CPU
	EndGlobalSection
	GlobalSection(ProjectConfigurationPlatforms) = postSolution
		{1CC68C3D-5D1D-460C-83EC-DA846703768D}.Debug|Any CPU.ActiveCfg = Debug|Any CPU
		{1CC68C3D-5D1D-460C-83EC-DA846703768D}.Debug|Any CPU.Build.0 = Debug|Any CPU
		{1CC68C3D-5D1D-460C-83EC-DA846703768D}.Release|Any CPU.ActiveCfg = Release|Any CPU
		{1CC68C3D-5D1D-460C-83EC-DA846703768D}.Release|Any CPU.Build.0 = Release|Any CPU
	EndGlobalSection
	GlobalSection(SolutionProperties) = preSolution
		HideSolutionNode = FALSE
	EndGlobalSection
	GlobalSection(ExtensibilityGlobals) = postSolution
		SolutionGuid = {1DE275B7-CE12-4DEC-A31F-37A17F02149D}
	EndGlobalSection
EndGlobal
